
Microsoft Visual Studio Solution File, Format Version 12.00
# Visual Studio Version 17
VisualStudioVersion = 17.14.36511.14 d17.14
MinimumVisualStudioVersion = 10.0.40219.1
Project("{54A90642-561A-4BB1-A94E-469ADEE60C69}") = "sthapatya-web.client", "sthapatya-web.client\sthapatya-web.client.esproj", "{BC0D5A85-9335-DA7B-93DB-037F397E53B9}"
EndProject
Project("{FAE04EC0-301F-11D3-BF4B-00C04F79EFBC}") = "sthapatya-web.Server", "sthapatya-web.Server\sthapatya-web.Server.csproj", "{C23D9E76-71A7-4242-9D03-EBD8BA65F417}"
EndProject
Global
	GlobalSection(SolutionConfigurationPlatforms) = preSolution
		Debug|Any CPU = Debug|Any CPU
		Release|Any CPU = Release|Any CPU
	EndGlobalSection
	GlobalSection(ProjectConfigurationPlatforms) = postSolution
		{BC0D5A85-9335-DA7B-93DB-037F397E53B9}.Debug|Any CPU.ActiveCfg = Debug|Any CPU
		{BC0D5A85-9335-DA7B-93DB-037F397E53B9}.Debug|Any CPU.Build.0 = Debug|Any CPU
		{BC0D5A85-9335-DA7B-93DB-037F397E53B9}.Debug|Any CPU.Deploy.0 = Debug|Any CPU
		{BC0D5A85-9335-DA7B-93DB-037F397E53B9}.Release|Any CPU.ActiveCfg = Release|Any CPU
		{BC0D5A85-9335-DA7B-93DB-037F397E53B9}.Release|Any CPU.Build.0 = Release|Any CPU
		{BC0D5A85-9335-DA7B-93DB-037F397E53B9}.Release|Any CPU.Deploy.0 = Release|Any CPU
		{C23D9E76-71A7-4242-9D03-EBD8BA65F417}.Debug|Any CPU.ActiveCfg = Debug|Any CPU
		{C23D9E76-71A7-4242-9D03-EBD8BA65F417}.Debug|Any CPU.Build.0 = Debug|Any CPU
		{C23D9E76-71A7-4242-9D03-EBD8BA65F417}.Release|Any CPU.ActiveCfg = Release|Any CPU
		{C23D9E76-71A7-4242-9D03-EBD8BA65F417}.Release|Any CPU.Build.0 = Release|Any CPU
	EndGlobalSection
	GlobalSection(SolutionProperties) = preSolution
		HideSolutionNode = FALSE
	EndGlobalSection
	GlobalSection(ExtensibilityGlobals) = postSolution
		SolutionGuid = {40DC929D-AD24-49A8-B811-DB5F09D86FEF}
	EndGlobalSection
EndGlobal
